
Microsoft Visual Studio Solution File, Format Version 12.00
# Visual Studio 2013
VisualStudioVersion = 12.0.30723.0
MinimumVisualStudioVersion = 10.0.40219.1
Project("{8BC9CEB8-8B4A-11D0-8D11-00A0C91BC942}") = "Cirno's Castle", "Cirno's Castle\Cirno's Castle.vcxproj", "{7C56FBDE-A936-4770-A287-9E5CFB4C057A}"
EndProject
Global
	GlobalSection(SolutionConfigurationPlatforms) = preSolution
		Debug|Win32 = Debug|Win32
		Release|Win32 = Release|Win32
	EndGlobalSection
	GlobalSection(ProjectConfigurationPlatforms) = postSolution
		{7C56FBDE-A936-4770-A287-9E5CFB4C057A}.Debug|Win32.ActiveCfg = Debug|Win32
		{7C56FBDE-A936-4770-A287-9E5CFB4C057A}.Debug|Win32.Build.0 = Debug|Win32
		{7C56FBDE-A936-4770-A287-9E5CFB4C057A}.Release|Win32.ActiveCfg = Release|Win32
		{7C56FBDE-A936-4770-A287-9E5CFB4C057A}.Release|Win32.Build.0 = Release|Win32
	EndGlobalSection
	GlobalSection(SolutionProperties) = preSolution
		HideSolutionNode = FALSE
	EndGlobalSection
EndGlobal
